
Microsoft Visual Studio Solution File, Format Version 12.00
# Visual Studio Version 17
VisualStudioVersion = 17.5.002.0
MinimumVisualStudioVersion = 10.0.40219.1
Project("{9A19103F-16F7-4668-BE54-9A1E7A4F7556}") = "TicTacToe_ConsoleApp", "TicTacToe_ConsoleApp.csproj", "{89DEF37E-4CA0-4FE2-82AC-BAA4A60DC2E1}"
EndProject
Global
	GlobalSection(SolutionConfigurationPlatforms) = preSolution
		Debug|Any CPU = Debug|Any CPU
		Release|Any CPU = Release|Any CPU
	EndGlobalSection
	GlobalSection(ProjectConfigurationPlatforms) = postSolution
		{89DEF37E-4CA0-4FE2-82AC-BAA4A60DC2E1}.Debug|Any CPU.ActiveCfg = Debug|Any CPU
		{89DEF37E-4CA0-4FE2-82AC-BAA4A60DC2E1}.Debug|Any CPU.Build.0 = Debug|Any CPU
		{89DEF37E-4CA0-4FE2-82AC-BAA4A60DC2E1}.Release|Any CPU.ActiveCfg = Release|Any CPU
		{89DEF37E-4CA0-4FE2-82AC-BAA4A60DC2E1}.Release|Any CPU.Build.0 = Release|Any CPU
	EndGlobalSection
	GlobalSection(SolutionProperties) = preSolution
		HideSolutionNode = FALSE
	EndGlobalSection
	GlobalSection(ExtensibilityGlobals) = postSolution
		SolutionGuid = {0A0C5DC0-4BF8-490F-A183-402570F95BCE}
	EndGlobalSection
EndGlobal
